
Microsoft Visual Studio Solution File, Format Version 12.00
# Visual Studio Version 17
VisualStudioVersion = 17.1.32328.378
MinimumVisualStudioVersion = 10.0.40219.1
Project("{FAE04EC0-301F-11D3-BF4B-00C04F79EFBC}") = "Task1.CourseApplicationApp", "Task1.CourseApplicationApp\Task1.CourseApplicationApp.csproj", "{872E44E9-AD34-4792-A495-E5BBDB3623A0}"
EndProject
Global
	GlobalSection(SolutionConfigurationPlatforms) = preSolution
		Debug|Any CPU = Debug|Any CPU
		Release|Any CPU = Release|Any CPU
	EndGlobalSection
	GlobalSection(ProjectConfigurationPlatforms) = postSolution
		{872E44E9-AD34-4792-A495-E5BBDB3623A0}.Debug|Any CPU.ActiveCfg = Debug|Any CPU
		{872E44E9-AD34-4792-A495-E5BBDB3623A0}.Debug|Any CPU.Build.0 = Debug|Any CPU
		{872E44E9-AD34-4792-A495-E5BBDB3623A0}.Release|Any CPU.ActiveCfg = Release|Any CPU
		{872E44E9-AD34-4792-A495-E5BBDB3623A0}.Release|Any CPU.Build.0 = Release|Any CPU
	EndGlobalSection
	GlobalSection(SolutionProperties) = preSolution
		HideSolutionNode = FALSE
	EndGlobalSection
	GlobalSection(ExtensibilityGlobals) = postSolution
		SolutionGuid = {D7CD17EA-F0DF-4381-BD06-7C26C8B43D48}
	EndGlobalSection
EndGlobal
